
Microsoft Visual Studio Solution File, Format Version 12.00
# Visual Studio Version 16
VisualStudioVersion = 16.0.29424.173
MinimumVisualStudioVersion = 10.0.40219.1
Project("{FAE04EC0-301F-11D3-BF4B-00C04F79EFBC}") = "UITests", "UITests\UITests.csproj", "{6436EED9-1CB3-402B-9B96-29BE3A6FDD3B}"
EndProject
Project("{2150E333-8FDC-42A3-9474-1A3956D46DE8}") = "Solution Items", "Solution Items", "{6C6E6EF3-B02F-43E3-AA96-87761A2C22DA}"
	ProjectSection(SolutionItems) = preProject
		.runsettings = .runsettings
	EndProjectSection
EndProject
Global
	GlobalSection(SolutionConfigurationPlatforms) = preSolution
		Debug|Any CPU = Debug|Any CPU
		Release|Any CPU = Release|Any CPU
	EndGlobalSection
	GlobalSection(ProjectConfigurationPlatforms) = postSolution
		{6436EED9-1CB3-402B-9B96-29BE3A6FDD3B}.Debug|Any CPU.ActiveCfg = Debug|Any CPU
		{6436EED9-1CB3-402B-9B96-29BE3A6FDD3B}.Debug|Any CPU.Build.0 = Debug|Any CPU
		{6436EED9-1CB3-402B-9B96-29BE3A6FDD3B}.Release|Any CPU.ActiveCfg = Release|Any CPU
		{6436EED9-1CB3-402B-9B96-29BE3A6FDD3B}.Release|Any CPU.Build.0 = Release|Any CPU
	EndGlobalSection
	GlobalSection(SolutionProperties) = preSolution
		HideSolutionNode = FALSE
	EndGlobalSection
	GlobalSection(ExtensibilityGlobals) = postSolution
		SolutionGuid = {BFF0157D-CD68-4E51-8474-25979699923B}
	EndGlobalSection
EndGlobal
